
Microsoft Visual Studio Solution File, Format Version 12.00
# Visual Studio 15
VisualStudioVersion = 15.0.28307.489
MinimumVisualStudioVersion = 10.0.40219.1
Project("{FAE04EC0-301F-11D3-BF4B-00C04F79EFBC}") = "Paint", "Paint\Paint.csproj", "{2F700AC9-974C-4A50-8AB8-467BE8780529}"
EndProject
Global
	GlobalSection(SolutionConfigurationPlatforms) = preSolution
		Debug|Any CPU = Debug|Any CPU
		Release|Any CPU = Release|Any CPU
	EndGlobalSection
	GlobalSection(ProjectConfigurationPlatforms) = postSolution
		{2F700AC9-974C-4A50-8AB8-467BE8780529}.Debug|Any CPU.ActiveCfg = Debug|Any CPU
		{2F700AC9-974C-4A50-8AB8-467BE8780529}.Debug|Any CPU.Build.0 = Debug|Any CPU
		{2F700AC9-974C-4A50-8AB8-467BE8780529}.Release|Any CPU.ActiveCfg = Release|Any CPU
		{2F700AC9-974C-4A50-8AB8-467BE8780529}.Release|Any CPU.Build.0 = Release|Any CPU
	EndGlobalSection
	GlobalSection(SolutionProperties) = preSolution
		HideSolutionNode = FALSE
	EndGlobalSection
	GlobalSection(ExtensibilityGlobals) = postSolution
		SolutionGuid = {E454AE52-D640-48EB-80DD-CC540C925F83}
	EndGlobalSection
EndGlobal
